// !$*UTF8*$!
{
	archiveVersion = 1;
	classes = {
	};
	objectVersion = 50;
	objects = {

/* Begin PBXBuildFile section */
		FC04E58D2433F4B100207762 /* HourlyWeatherCollectionViewCell.swift in Sources */ = {isa = PBXBuildFile; fileRef = FC04E58B2433F4B100207762 /* HourlyWeatherCollectionViewCell.swift */; };
		FC04E58E2433F4B100207762 /* HourlyWeatherCollectionViewCell.xib in Resources */ = {isa = PBXBuildFile; fileRef = FC04E58C2433F4B100207762 /* HourlyWeatherCollectionViewCell.xib */; };
		FC04E591243410DC00207762 /* DailyWeatherCollectionViewCell.swift in Sources */ = {isa = PBXBuildFile; fileRef = FC04E58F243410DC00207762 /* DailyWeatherCollectionViewCell.swift */; };
		FC04E592243410DC00207762 /* DailyWeatherCollectionViewCell.xib in Resources */ = {isa = PBXBuildFile; fileRef = FC04E590243410DC00207762 /* DailyWeatherCollectionViewCell.xib */; };
		FC0DEC7B24574DB200E10A71 /* Array+Ext.swift in Sources */ = {isa = PBXBuildFile; fileRef = FC0DEC7A24574DB200E10A71 /* Array+Ext.swift */; };
		FC0DEC7D24574E2A00E10A71 /* ImageView+Ext.swift in Sources */ = {isa = PBXBuildFile; fileRef = FC0DEC7C24574E2A00E10A71 /* ImageView+Ext.swift */; };
		FC0FD01F24523BF1000F7ED8 /* WeatherUserDefaults.swift in Sources */ = {isa = PBXBuildFile; fileRef = FC91E7402450A1E600564256 /* WeatherUserDefaults.swift */; };
		FC0FD02124534CFA000F7ED8 /* DateHelper.swift in Sources */ = {isa = PBXBuildFile; fileRef = FC0FD02024534CFA000F7ED8 /* DateHelper.swift */; };
		FC1F2731242EDDDF00C08CAA /* SearchForLocationViewController.swift in Sources */ = {isa = PBXBuildFile; fileRef = FC1F2730242EDDDF00C08CAA /* SearchForLocationViewController.swift */; };
		FC1F2734242EDEE200C08CAA /* Constants.swift in Sources */ = {isa = PBXBuildFile; fileRef = FC1F2733242EDEE200C08CAA /* Constants.swift */; };
		FC6532A6243E94DE0014DC8A /* LocationTableViewCell.swift in Sources */ = {isa = PBXBuildFile; fileRef = FC6532A4243E94DE0014DC8A /* LocationTableViewCell.swift */; };
		FC6532A7243E94DE0014DC8A /* LocationTableViewCell.xib in Resources */ = {isa = PBXBuildFile; fileRef = FC6532A5243E94DE0014DC8A /* LocationTableViewCell.xib */; };
		FC6960B5242BE7770024EDFA /* AppDelegate.swift in Sources */ = {isa = PBXBuildFile; fileRef = FC6960B4242BE7770024EDFA /* AppDelegate.swift */; };
		FC6960B7242BE7770024EDFA /* SceneDelegate.swift in Sources */ = {isa = PBXBuildFile; fileRef = FC6960B6242BE7770024EDFA /* SceneDelegate.swift */; };
		FC6960B9242BE7770024EDFA /* LocationViewController.swift in Sources */ = {isa = PBXBuildFile; fileRef = FC6960B8242BE7770024EDFA /* LocationViewController.swift */; };
		FC6960BC242BE7770024EDFA /* Main.storyboard in Resources */ = {isa = PBXBuildFile; fileRef = FC6960BA242BE7770024EDFA /* Main.storyboard */; };
		FC6960C1242BE7780024EDFA /* Assets.xcassets in Resources */ = {isa = PBXBuildFile; fileRef = FC6960C0242BE7780024EDFA /* Assets.xcassets */; };
		FC6960C4242BE7780024EDFA /* LaunchScreen.storyboard in Resources */ = {isa = PBXBuildFile; fileRef = FC6960C2242BE7780024EDFA /* LaunchScreen.storyboard */; };
		FC6960CF242BE9D00024EDFA /* WeatherData.swift in Sources */ = {isa = PBXBuildFile; fileRef = FC6960CE242BE9D00024EDFA /* WeatherData.swift */; };
		FC6960D1242C137D0024EDFA /* WeatherNetworkManager.swift in Sources */ = {isa = PBXBuildFile; fileRef = FC6960D0242C137D0024EDFA /* WeatherNetworkManager.swift */; };
		FC6960D5242C22250024EDFA /* WeatherObject.swift in Sources */ = {isa = PBXBuildFile; fileRef = FC6960D4242C22250024EDFA /* WeatherObject.swift */; };
		FC91E7412450A1E600564256 /* WeatherUserDefaults.swift in Sources */ = {isa = PBXBuildFile; fileRef = FC91E7402450A1E600564256 /* WeatherUserDefaults.swift */; };
		FC91E7472450B6E500564256 /* UIViewController+Ext.swift in Sources */ = {isa = PBXBuildFile; fileRef = FC91E7462450B6E500564256 /* UIViewController+Ext.swift */; };
		FC91E7492450C93B00564256 /* StyleGuide.swift in Sources */ = {isa = PBXBuildFile; fileRef = FC91E7482450C93B00564256 /* StyleGuide.swift */; };
		FC91E74B2450E57100564256 /* Int+Ext.swift in Sources */ = {isa = PBXBuildFile; fileRef = FC91E74A2450E57100564256 /* Int+Ext.swift */; };
		FC98D32A243BFC5C0047F022 /* WeatherPageViewController.swift in Sources */ = {isa = PBXBuildFile; fileRef = FC98D329243BFC5C0047F022 /* WeatherPageViewController.swift */; };
		FC98D32C243BFDBD0047F022 /* WeatherManager.swift in Sources */ = {isa = PBXBuildFile; fileRef = FC98D32B243BFDBD0047F022 /* WeatherManager.swift */; };
		FC98D32E243BFEE70047F022 /* KDTLocationObject.swift in Sources */ = {isa = PBXBuildFile; fileRef = FC98D32D243BFEE70047F022 /* KDTLocationObject.swift */; };
		FC98D330243C03AF0047F022 /* LocationsViewController.swift in Sources */ = {isa = PBXBuildFile; fileRef = FC98D32F243C03AF0047F022 /* LocationsViewController.swift */; };
		FC98D337243D2AF00047F022 /* LocationsNavigationController.swift in Sources */ = {isa = PBXBuildFile; fileRef = FC98D336243D2AF00047F022 /* LocationsNavigationController.swift */; };
		FCEC1E102451EF120004944F /* NotificationCenter.framework in Frameworks */ = {isa = PBXBuildFile; fileRef = FCEC1E0F2451EF120004944F /* NotificationCenter.framework */; };
		FCEC1E132451EF120004944F /* TodayViewController.swift in Sources */ = {isa = PBXBuildFile; fileRef = FCEC1E122451EF120004944F /* TodayViewController.swift */; };
		FCEC1E162451EF120004944F /* MainInterface.storyboard in Resources */ = {isa = PBXBuildFile; fileRef = FCEC1E142451EF120004944F /* MainInterface.storyboard */; };
		FCEC1E1A2451EF120004944F /* Drizzle Forecast.appex in Embed App Extensions */ = {isa = PBXBuildFile; fileRef = FCEC1E0D2451EF120004944F /* Drizzle Forecast.appex */; settings = {ATTRIBUTES = (RemoveHeadersOnCopy, ); }; };
		FCEC1E1F2451F5810004944F /* Assets.xcassets in Resources */ = {isa = PBXBuildFile; fileRef = FC6960C0242BE7780024EDFA /* Assets.xcassets */; };
		FCEC1E202451F8870004944F /* WeatherNetworkManager.swift in Sources */ = {isa = PBXBuildFile; fileRef = FC6960D0242C137D0024EDFA /* WeatherNetworkManager.swift */; };
		FCEC1E212451F8960004944F /* WeatherManager.swift in Sources */ = {isa = PBXBuildFile; fileRef = FC98D32B243BFDBD0047F022 /* WeatherManager.swift */; };
		FCEC1E222451F8A40004944F /* KDTLocationObject.swift in Sources */ = {isa = PBXBuildFile; fileRef = FC98D32D243BFEE70047F022 /* KDTLocationObject.swift */; };
		FCEC1E232451F8A80004944F /* WeatherObject.swift in Sources */ = {isa = PBXBuildFile; fileRef = FC6960D4242C22250024EDFA /* WeatherObject.swift */; };
		FCEC1E242451F8AB0004944F /* WeatherData.swift in Sources */ = {isa = PBXBuildFile; fileRef = FC6960CE242BE9D00024EDFA /* WeatherData.swift */; };
		FCEC1E252451F8B50004944F /* Constants.swift in Sources */ = {isa = PBXBuildFile; fileRef = FC1F2733242EDEE200C08CAA /* Constants.swift */; };
		FCEE037C244FBEC300DC1AC2 /* OnboardingWelcomeViewController.swift in Sources */ = {isa = PBXBuildFile; fileRef = FCEE037B244FBEC300DC1AC2 /* OnboardingWelcomeViewController.swift */; };
		FCEE037E244FBEE800DC1AC2 /* OnboardingAllowLocationViewController.swift in Sources */ = {isa = PBXBuildFile; fileRef = FCEE037D244FBEE800DC1AC2 /* OnboardingAllowLocationViewController.swift */; };
		FCEE0380244FBEFC00DC1AC2 /* OnboardingAddLocationViewController.swift in Sources */ = {isa = PBXBuildFile; fileRef = FCEE037F244FBEFC00DC1AC2 /* OnboardingAddLocationViewController.swift */; };
/* End PBXBuildFile section */

/* Begin PBXContainerItemProxy section */
		FCEC1E182451EF120004944F /* PBXContainerItemProxy */ = {
			isa = PBXContainerItemProxy;
			containerPortal = FC6960A9242BE7770024EDFA /* Project object */;
			proxyType = 1;
			remoteGlobalIDString = FCEC1E0C2451EF120004944F;
			remoteInfo = TodayWeatherExtension;
		};
/* End PBXContainerItemProxy section */

/* Begin PBXCopyFilesBuildPhase section */
		FCEC1E1B2451EF120004944F /* Embed App Extensions */ = {
			isa = PBXCopyFilesBuildPhase;
			buildActionMask = 2147483647;
			dstPath = "";
			dstSubfolderSpec = 13;
			files = (
				FCEC1E1A2451EF120004944F /* Drizzle Forecast.appex in Embed App Extensions */,
			);
			name = "Embed App Extensions";
			runOnlyForDeploymentPostprocessing = 0;
		};
/* End PBXCopyFilesBuildPhase section */

/* Begin PBXFileReference section */
		FC04E58B2433F4B100207762 /* HourlyWeatherCollectionViewCell.swift */ = {isa = PBXFileReference; lastKnownFileType = sourcecode.swift; path = HourlyWeatherCollectionViewCell.swift; sourceTree = "<group>"; };
		FC04E58C2433F4B100207762 /* HourlyWeatherCollectionViewCell.xib */ = {isa = PBXFileReference; lastKnownFileType = file.xib; path = HourlyWeatherCollectionViewCell.xib; sourceTree = "<group>"; };
		FC04E58F243410DC00207762 /* DailyWeatherCollectionViewCell.swift */ = {isa = PBXFileReference; lastKnownFileType = sourcecode.swift; path = DailyWeatherCollectionViewCell.swift; sourceTree = "<group>"; };
		FC04E590243410DC00207762 /* DailyWeatherCollectionViewCell.xib */ = {isa = PBXFileReference; lastKnownFileType = file.xib; path = DailyWeatherCollectionViewCell.xib; sourceTree = "<group>"; };
		FC0DEC7A24574DB200E10A71 /* Array+Ext.swift */ = {isa = PBXFileReference; lastKnownFileType = sourcecode.swift; path = "Array+Ext.swift"; sourceTree = "<group>"; };
		FC0DEC7C24574E2A00E10A71 /* ImageView+Ext.swift */ = {isa = PBXFileReference; lastKnownFileType = sourcecode.swift; path = "ImageView+Ext.swift"; sourceTree = "<group>"; };
		FC0FD02024534CFA000F7ED8 /* DateHelper.swift */ = {isa = PBXFileReference; lastKnownFileType = sourcecode.swift; path = DateHelper.swift; sourceTree = "<group>"; };
		FC1F2730242EDDDF00C08CAA /* SearchForLocationViewController.swift */ = {isa = PBXFileReference; lastKnownFileType = sourcecode.swift; path = SearchForLocationViewController.swift; sourceTree = "<group>"; };
		FC1F2733242EDEE200C08CAA /* Constants.swift */ = {isa = PBXFileReference; lastKnownFileType = sourcecode.swift; path = Constants.swift; sourceTree = "<group>"; };
		FC6532A4243E94DE0014DC8A /* LocationTableViewCell.swift */ = {isa = PBXFileReference; lastKnownFileType = sourcecode.swift; path = LocationTableViewCell.swift; sourceTree = "<group>"; };
		FC6532A5243E94DE0014DC8A /* LocationTableViewCell.xib */ = {isa = PBXFileReference; lastKnownFileType = file.xib; path = LocationTableViewCell.xib; sourceTree = "<group>"; };
		FC6960B1242BE7770024EDFA /* Drizzle.app */ = {isa = PBXFileReference; explicitFileType = wrapper.application; includeInIndex = 0; path = Drizzle.app; sourceTree = BUILT_PRODUCTS_DIR; };
		FC6960B4242BE7770024EDFA /* AppDelegate.swift */ = {isa = PBXFileReference; lastKnownFileType = sourcecode.swift; path = AppDelegate.swift; sourceTree = "<group>"; };
		FC6960B6242BE7770024EDFA /* SceneDelegate.swift */ = {isa = PBXFileReference; lastKnownFileType = sourcecode.swift; path = SceneDelegate.swift; sourceTree = "<group>"; };
		FC6960B8242BE7770024EDFA /* LocationViewController.swift */ = {isa = PBXFileReference; lastKnownFileType = sourcecode.swift; path = LocationViewController.swift; sourceTree = "<group>"; };
		FC6960BB242BE7770024EDFA /* Base */ = {isa = PBXFileReference; lastKnownFileType = file.storyboard; name = Base; path = Base.lproj/Main.storyboard; sourceTree = "<group>"; };
		FC6960C0242BE7780024EDFA /* Assets.xcassets */ = {isa = PBXFileReference; lastKnownFileType = folder.assetcatalog; path = Assets.xcassets; sourceTree = "<group>"; };
		FC6960C3242BE7780024EDFA /* Base */ = {isa = PBXFileReference; lastKnownFileType = file.storyboard; name = Base; path = Base.lproj/LaunchScreen.storyboard; sourceTree = "<group>"; };
		FC6960C5242BE7780024EDFA /* Info.plist */ = {isa = PBXFileReference; lastKnownFileType = text.plist.xml; path = Info.plist; sourceTree = "<group>"; };
		FC6960CE242BE9D00024EDFA /* WeatherData.swift */ = {isa = PBXFileReference; lastKnownFileType = sourcecode.swift; path = WeatherData.swift; sourceTree = "<group>"; };
		FC6960D0242C137D0024EDFA /* WeatherNetworkManager.swift */ = {isa = PBXFileReference; lastKnownFileType = sourcecode.swift; path = WeatherNetworkManager.swift; sourceTree = "<group>"; };
		FC6960D4242C22250024EDFA /* WeatherObject.swift */ = {isa = PBXFileReference; lastKnownFileType = sourcecode.swift; path = WeatherObject.swift; sourceTree = "<group>"; };
		FC91E7402450A1E600564256 /* WeatherUserDefaults.swift */ = {isa = PBXFileReference; lastKnownFileType = sourcecode.swift; path = WeatherUserDefaults.swift; sourceTree = "<group>"; };
		FC91E7462450B6E500564256 /* UIViewController+Ext.swift */ = {isa = PBXFileReference; lastKnownFileType = sourcecode.swift; path = "UIViewController+Ext.swift"; sourceTree = "<group>"; };
		FC91E7482450C93B00564256 /* StyleGuide.swift */ = {isa = PBXFileReference; lastKnownFileType = sourcecode.swift; path = StyleGuide.swift; sourceTree = "<group>"; };
		FC91E74A2450E57100564256 /* Int+Ext.swift */ = {isa = PBXFileReference; lastKnownFileType = sourcecode.swift; path = "Int+Ext.swift"; sourceTree = "<group>"; };
		FC98D329243BFC5C0047F022 /* WeatherPageViewController.swift */ = {isa = PBXFileReference; lastKnownFileType = sourcecode.swift; path = WeatherPageViewController.swift; sourceTree = "<group>"; };
		FC98D32B243BFDBD0047F022 /* WeatherManager.swift */ = {isa = PBXFileReference; lastKnownFileType = sourcecode.swift; path = WeatherManager.swift; sourceTree = "<group>"; };
		FC98D32D243BFEE70047F022 /* KDTLocationObject.swift */ = {isa = PBXFileReference; lastKnownFileType = sourcecode.swift; path = KDTLocationObject.swift; sourceTree = "<group>"; };
		FC98D32F243C03AF0047F022 /* LocationsViewController.swift */ = {isa = PBXFileReference; lastKnownFileType = sourcecode.swift; path = LocationsViewController.swift; sourceTree = "<group>"; };
		FC98D336243D2AF00047F022 /* LocationsNavigationController.swift */ = {isa = PBXFileReference; lastKnownFileType = sourcecode.swift; path = LocationsNavigationController.swift; sourceTree = "<group>"; };
		FCEC1E0D2451EF120004944F /* Drizzle Forecast.appex */ = {isa = PBXFileReference; explicitFileType = "wrapper.app-extension"; includeInIndex = 0; path = "Drizzle Forecast.appex"; sourceTree = BUILT_PRODUCTS_DIR; };
		FCEC1E0F2451EF120004944F /* NotificationCenter.framework */ = {isa = PBXFileReference; lastKnownFileType = wrapper.framework; name = NotificationCenter.framework; path = System/Library/Frameworks/NotificationCenter.framework; sourceTree = SDKROOT; };
		FCEC1E122451EF120004944F /* TodayViewController.swift */ = {isa = PBXFileReference; lastKnownFileType = sourcecode.swift; path = TodayViewController.swift; sourceTree = "<group>"; };
		FCEC1E152451EF120004944F /* Base */ = {isa = PBXFileReference; lastKnownFileType = file.storyboard; name = Base; path = Base.lproj/MainInterface.storyboard; sourceTree = "<group>"; };
		FCEC1E172451EF120004944F /* Info.plist */ = {isa = PBXFileReference; lastKnownFileType = text.plist.xml; path = Info.plist; sourceTree = "<group>"; };
		FCEE037B244FBEC300DC1AC2 /* OnboardingWelcomeViewController.swift */ = {isa = PBXFileReference; lastKnownFileType = sourcecode.swift; path = OnboardingWelcomeViewController.swift; sourceTree = "<group>"; };
		FCEE037D244FBEE800DC1AC2 /* OnboardingAllowLocationViewController.swift */ = {isa = PBXFileReference; lastKnownFileType = sourcecode.swift; path = OnboardingAllowLocationViewController.swift; sourceTree = "<group>"; };
		FCEE037F244FBEFC00DC1AC2 /* OnboardingAddLocationViewController.swift */ = {isa = PBXFileReference; lastKnownFileType = sourcecode.swift; path = OnboardingAddLocationViewController.swift; sourceTree = "<group>"; };
/* End PBXFileReference section */

/* Begin PBXFrameworksBuildPhase section */
		FC6960AE242BE7770024EDFA /* Frameworks */ = {
			isa = PBXFrameworksBuildPhase;
			buildActionMask = 2147483647;
			files = (
			);
			runOnlyForDeploymentPostprocessing = 0;
		};
		FCEC1E0A2451EF120004944F /* Frameworks */ = {
			isa = PBXFrameworksBuildPhase;
			buildActionMask = 2147483647;
			files = (
				FCEC1E102451EF120004944F /* NotificationCenter.framework in Frameworks */,
			);
			runOnlyForDeploymentPostprocessing = 0;
		};
/* End PBXFrameworksBuildPhase section */

/* Begin PBXGroup section */
		FC1F2732242EDECE00C08CAA /* Utilities */ = {
			isa = PBXGroup;
			children = (
				FC1F2733242EDEE200C08CAA /* Constants.swift */,
				FC91E7482450C93B00564256 /* StyleGuide.swift */,
				FC91E74C2450E5FA00564256 /* Extensions */,
				FC0FD02024534CFA000F7ED8 /* DateHelper.swift */,
			);
			name = Utilities;
			sourceTree = "<group>";
		};
		FC6960A8242BE7770024EDFA = {
			isa = PBXGroup;
			children = (
				FC6960B3242BE7770024EDFA /* Weather-App */,
				FCEC1E112451EF120004944F /* TodayWeatherExtension */,
				FCEC1E0E2451EF120004944F /* Frameworks */,
				FC6960B2242BE7770024EDFA /* Products */,
			);
			sourceTree = "<group>";
		};
		FC6960B2242BE7770024EDFA /* Products */ = {
			isa = PBXGroup;
			children = (
				FC6960B1242BE7770024EDFA /* Drizzle.app */,
				FCEC1E0D2451EF120004944F /* Drizzle Forecast.appex */,
			);
			name = Products;
			sourceTree = "<group>";
		};
		FC6960B3242BE7770024EDFA /* Weather-App */ = {
			isa = PBXGroup;
			children = (
				FC1F2732242EDECE00C08CAA /* Utilities */,
				FC6960CD242BE8A50024EDFA /* Models */,
				FC6960CC242BE89F0024EDFA /* Views */,
				FC6960D2242C19550024EDFA /* Controllers */,
				FC6960CB242BE8920024EDFA /* Supporting Files */,
			);
			path = "Weather-App";
			sourceTree = "<group>";
		};
		FC6960CB242BE8920024EDFA /* Supporting Files */ = {
			isa = PBXGroup;
			children = (
				FC6960B4242BE7770024EDFA /* AppDelegate.swift */,
				FC6960B6242BE7770024EDFA /* SceneDelegate.swift */,
				FC6960C0242BE7780024EDFA /* Assets.xcassets */,
				FC6960C2242BE7780024EDFA /* LaunchScreen.storyboard */,
				FC6960C5242BE7780024EDFA /* Info.plist */,
			);
			path = "Supporting Files";
			sourceTree = "<group>";
		};
		FC6960CC242BE89F0024EDFA /* Views */ = {
			isa = PBXGroup;
			children = (
				FC6960BA242BE7770024EDFA /* Main.storyboard */,
				FC04E58B2433F4B100207762 /* HourlyWeatherCollectionViewCell.swift */,
				FC04E58C2433F4B100207762 /* HourlyWeatherCollectionViewCell.xib */,
				FC04E58F243410DC00207762 /* DailyWeatherCollectionViewCell.swift */,
				FC04E590243410DC00207762 /* DailyWeatherCollectionViewCell.xib */,
				FC6532A4243E94DE0014DC8A /* LocationTableViewCell.swift */,
				FC6532A5243E94DE0014DC8A /* LocationTableViewCell.xib */,
			);
			path = Views;
			sourceTree = "<group>";
		};
		FC6960CD242BE8A50024EDFA /* Models */ = {
			isa = PBXGroup;
			children = (
				FC6960CE242BE9D00024EDFA /* WeatherData.swift */,
				FC6960D4242C22250024EDFA /* WeatherObject.swift */,
				FC98D32D243BFEE70047F022 /* KDTLocationObject.swift */,
			);
			path = Models;
			sourceTree = "<group>";
		};
		FC6960D2242C19550024EDFA /* Controllers */ = {
			isa = PBXGroup;
			children = (
				FCA9791E2447CF34006F7628 /* Page View Controllers */,
				FC85357924463254006F2FFD /* View Controllers */,
				FCA9791B2447CF0C006F7628 /* Network Manager */,
				FCA9791C2447CF19006F7628 /* Data Managers */,
				FCA9791D2447CF28006F7628 /* Navigation Controllers */,
			);
			path = Controllers;
			sourceTree = "<group>";
		};
		FC85357924463254006F2FFD /* View Controllers */ = {
			isa = PBXGroup;
			children = (
				FCEE037A244FBEA100DC1AC2 /* Onboarding */,
				FC6960B8242BE7770024EDFA /* LocationViewController.swift */,
				FC98D32F243C03AF0047F022 /* LocationsViewController.swift */,
				FC1F2730242EDDDF00C08CAA /* SearchForLocationViewController.swift */,
			);
			path = "View Controllers";
			sourceTree = "<group>";
		};
		FC91E74C2450E5FA00564256 /* Extensions */ = {
			isa = PBXGroup;
			children = (
				FC91E7462450B6E500564256 /* UIViewController+Ext.swift */,
				FC91E74A2450E57100564256 /* Int+Ext.swift */,
				FC0DEC7A24574DB200E10A71 /* Array+Ext.swift */,
				FC0DEC7C24574E2A00E10A71 /* ImageView+Ext.swift */,
			);
			name = Extensions;
			sourceTree = "<group>";
		};
		FCA9791B2447CF0C006F7628 /* Network Manager */ = {
			isa = PBXGroup;
			children = (
				FC6960D0242C137D0024EDFA /* WeatherNetworkManager.swift */,
			);
			path = "Network Manager";
			sourceTree = "<group>";
		};
		FCA9791C2447CF19006F7628 /* Data Managers */ = {
			isa = PBXGroup;
			children = (
				FC98D32B243BFDBD0047F022 /* WeatherManager.swift */,
				FC91E7402450A1E600564256 /* WeatherUserDefaults.swift */,
			);
			path = "Data Managers";
			sourceTree = "<group>";
		};
		FCA9791D2447CF28006F7628 /* Navigation Controllers */ = {
			isa = PBXGroup;
			children = (
				FC98D336243D2AF00047F022 /* LocationsNavigationController.swift */,
			);
			path = "Navigation Controllers";
			sourceTree = "<group>";
		};
		FCA9791E2447CF34006F7628 /* Page View Controllers */ = {
			isa = PBXGroup;
			children = (
				FC98D329243BFC5C0047F022 /* WeatherPageViewController.swift */,
			);
			path = "Page View Controllers";
			sourceTree = "<group>";
		};
		FCEC1E0E2451EF120004944F /* Frameworks */ = {
			isa = PBXGroup;
			children = (
				FCEC1E0F2451EF120004944F /* NotificationCenter.framework */,
			);
			name = Frameworks;
			sourceTree = "<group>";
		};
		FCEC1E112451EF120004944F /* TodayWeatherExtension */ = {
			isa = PBXGroup;
			children = (
				FCEC1E122451EF120004944F /* TodayViewController.swift */,
				FCEC1E142451EF120004944F /* MainInterface.storyboard */,
				FCEC1E172451EF120004944F /* Info.plist */,
			);
			path = TodayWeatherExtension;
			sourceTree = "<group>";
		};
		FCEE037A244FBEA100DC1AC2 /* Onboarding */ = {
			isa = PBXGroup;
			children = (
				FCEE037B244FBEC300DC1AC2 /* OnboardingWelcomeViewController.swift */,
				FCEE037D244FBEE800DC1AC2 /* OnboardingAllowLocationViewController.swift */,
				FCEE037F244FBEFC00DC1AC2 /* OnboardingAddLocationViewController.swift */,
			);
			path = Onboarding;
			sourceTree = "<group>";
		};
/* End PBXGroup section */

/* Begin PBXNativeTarget section */
		FC6960B0242BE7770024EDFA /* Weather-App */ = {
			isa = PBXNativeTarget;
			buildConfigurationList = FC6960C8242BE7780024EDFA /* Build configuration list for PBXNativeTarget "Weather-App" */;
			buildPhases = (
				FC6960AD242BE7770024EDFA /* Sources */,
				FC6960AE242BE7770024EDFA /* Frameworks */,
				FC6960AF242BE7770024EDFA /* Resources */,
				FCEC1E1B2451EF120004944F /* Embed App Extensions */,
			);
			buildRules = (
			);
			dependencies = (
				FCEC1E192451EF120004944F /* PBXTargetDependency */,
			);
			name = "Weather-App";
			productName = "Weather-App";
			productReference = FC6960B1242BE7770024EDFA /* Drizzle.app */;
			productType = "com.apple.product-type.application";
		};
		FCEC1E0C2451EF120004944F /* TodayWeatherExtension */ = {
			isa = PBXNativeTarget;
			buildConfigurationList = FCEC1E1E2451EF120004944F /* Build configuration list for PBXNativeTarget "TodayWeatherExtension" */;
			buildPhases = (
				FCEC1E092451EF120004944F /* Sources */,
				FCEC1E0A2451EF120004944F /* Frameworks */,
				FCEC1E0B2451EF120004944F /* Resources */,
			);
			buildRules = (
			);
			dependencies = (
			);
			name = TodayWeatherExtension;
			productName = TodayWeatherExtension;
			productReference = FCEC1E0D2451EF120004944F /* Drizzle Forecast.appex */;
			productType = "com.apple.product-type.app-extension";
		};
/* End PBXNativeTarget section */

/* Begin PBXProject section */
		FC6960A9242BE7770024EDFA /* Project object */ = {
			isa = PBXProject;
			attributes = {
				LastSwiftUpdateCheck = 1140;
				LastUpgradeCheck = 1130;
				ORGANIZATIONNAME = "Kevin Tanner";
				TargetAttributes = {
					FC6960B0242BE7770024EDFA = {
						CreatedOnToolsVersion = 11.3.1;
					};
					FCEC1E0C2451EF120004944F = {
						CreatedOnToolsVersion = 11.4.1;
					};
				};
			};
			buildConfigurationList = FC6960AC242BE7770024EDFA /* Build configuration list for PBXProject "Weather-App" */;
			compatibilityVersion = "Xcode 9.3";
			developmentRegion = en;
			hasScannedForEncodings = 0;
			knownRegions = (
				en,
				Base,
			);
			mainGroup = FC6960A8242BE7770024EDFA;
			productRefGroup = FC6960B2242BE7770024EDFA /* Products */;
			projectDirPath = "";
			projectRoot = "";
			targets = (
				FC6960B0242BE7770024EDFA /* Weather-App */,
				FCEC1E0C2451EF120004944F /* TodayWeatherExtension */,
			);
		};
/* End PBXProject section */

/* Begin PBXResourcesBuildPhase section */
		FC6960AF242BE7770024EDFA /* Resources */ = {
			isa = PBXResourcesBuildPhase;
			buildActionMask = 2147483647;
			files = (
				FC6960C4242BE7780024EDFA /* LaunchScreen.storyboard in Resources */,
				FC6960C1242BE7780024EDFA /* Assets.xcassets in Resources */,
				FC6532A7243E94DE0014DC8A /* LocationTableViewCell.xib in Resources */,
				FC04E58E2433F4B100207762 /* HourlyWeatherCollectionViewCell.xib in Resources */,
				FC04E592243410DC00207762 /* DailyWeatherCollectionViewCell.xib in Resources */,
				FC6960BC242BE7770024EDFA /* Main.storyboard in Resources */,
			);
			runOnlyForDeploymentPostprocessing = 0;
		};
		FCEC1E0B2451EF120004944F /* Resources */ = {
			isa = PBXResourcesBuildPhase;
			buildActionMask = 2147483647;
			files = (
				FCEC1E1F2451F5810004944F /* Assets.xcassets in Resources */,
				FCEC1E162451EF120004944F /* MainInterface.storyboard in Resources */,
			);
			runOnlyForDeploymentPostprocessing = 0;
		};
/* End PBXResourcesBuildPhase section */

/* Begin PBXSourcesBuildPhase section */
		FC6960AD242BE7770024EDFA /* Sources */ = {
			isa = PBXSourcesBuildPhase;
			buildActionMask = 2147483647;
			files = (
				FC6960D1242C137D0024EDFA /* WeatherNetworkManager.swift in Sources */,
				FC98D32A243BFC5C0047F022 /* WeatherPageViewController.swift in Sources */,
				FC0DEC7B24574DB200E10A71 /* Array+Ext.swift in Sources */,
				FC04E58D2433F4B100207762 /* HourlyWeatherCollectionViewCell.swift in Sources */,
				FC91E7412450A1E600564256 /* WeatherUserDefaults.swift in Sources */,
				FC6960B9242BE7770024EDFA /* LocationViewController.swift in Sources */,
				FC6960B5242BE7770024EDFA /* AppDelegate.swift in Sources */,
				FC0FD02124534CFA000F7ED8 /* DateHelper.swift in Sources */,
				FC91E7492450C93B00564256 /* StyleGuide.swift in Sources */,
				FC98D32E243BFEE70047F022 /* KDTLocationObject.swift in Sources */,
				FC91E7472450B6E500564256 /* UIViewController+Ext.swift in Sources */,
				FC1F2731242EDDDF00C08CAA /* SearchForLocationViewController.swift in Sources */,
				FC0DEC7D24574E2A00E10A71 /* ImageView+Ext.swift in Sources */,
				FC6960CF242BE9D00024EDFA /* WeatherData.swift in Sources */,
				FCEE037E244FBEE800DC1AC2 /* OnboardingAllowLocationViewController.swift in Sources */,
				FC6960D5242C22250024EDFA /* WeatherObject.swift in Sources */,
				FCEE037C244FBEC300DC1AC2 /* OnboardingWelcomeViewController.swift in Sources */,
				FC6960B7242BE7770024EDFA /* SceneDelegate.swift in Sources */,
				FC98D330243C03AF0047F022 /* LocationsViewController.swift in Sources */,
				FC1F2734242EDEE200C08CAA /* Constants.swift in Sources */,
				FC98D32C243BFDBD0047F022 /* WeatherManager.swift in Sources */,
				FC6532A6243E94DE0014DC8A /* LocationTableViewCell.swift in Sources */,
				FC98D337243D2AF00047F022 /* LocationsNavigationController.swift in Sources */,
				FCEE0380244FBEFC00DC1AC2 /* OnboardingAddLocationViewController.swift in Sources */,
				FC04E591243410DC00207762 /* DailyWeatherCollectionViewCell.swift in Sources */,
				FC91E74B2450E57100564256 /* Int+Ext.swift in Sources */,
			);
			runOnlyForDeploymentPostprocessing = 0;
		};
		FCEC1E092451EF120004944F /* Sources */ = {
			isa = PBXSourcesBuildPhase;
			buildActionMask = 2147483647;
			files = (
				FCEC1E212451F8960004944F /* WeatherManager.swift in Sources */,
				FCEC1E222451F8A40004944F /* KDTLocationObject.swift in Sources */,
				FCEC1E132451EF120004944F /* TodayViewController.swift in Sources */,
				FC0FD01F24523BF1000F7ED8 /* WeatherUserDefaults.swift in Sources */,
				FCEC1E232451F8A80004944F /* WeatherObject.swift in Sources */,
				FCEC1E252451F8B50004944F /* Constants.swift in Sources */,
				FCEC1E242451F8AB0004944F /* WeatherData.swift in Sources */,
				FCEC1E202451F8870004944F /* WeatherNetworkManager.swift in Sources */,
			);
			runOnlyForDeploymentPostprocessing = 0;
		};
/* End PBXSourcesBuildPhase section */

/* Begin PBXTargetDependency section */
		FCEC1E192451EF120004944F /* PBXTargetDependency */ = {
			isa = PBXTargetDependency;
			target = FCEC1E0C2451EF120004944F /* TodayWeatherExtension */;
			targetProxy = FCEC1E182451EF120004944F /* PBXContainerItemProxy */;
		};
/* End PBXTargetDependency section */

/* Begin PBXVariantGroup section */
		FC6960BA242BE7770024EDFA /* Main.storyboard */ = {
			isa = PBXVariantGroup;
			children = (
				FC6960BB242BE7770024EDFA /* Base */,
			);
			name = Main.storyboard;
			sourceTree = "<group>";
		};
		FC6960C2242BE7780024EDFA /* LaunchScreen.storyboard */ = {
			isa = PBXVariantGroup;
			children = (
				FC6960C3242BE7780024EDFA /* Base */,
			);
			name = LaunchScreen.storyboard;
			sourceTree = "<group>";
		};
		FCEC1E142451EF120004944F /* MainInterface.storyboard */ = {
			isa = PBXVariantGroup;
			children = (
				FCEC1E152451EF120004944F /* Base */,
			);
			name = MainInterface.storyboard;
			sourceTree = "<group>";
		};
/* End PBXVariantGroup section */

/* Begin XCBuildConfiguration section */
		FC6960C6242BE7780024EDFA /* Debug */ = {
			isa = XCBuildConfiguration;
			buildSettings = {
				ALWAYS_SEARCH_USER_PATHS = NO;
				CLANG_ANALYZER_NONNULL = YES;
				CLANG_ANALYZER_NUMBER_OBJECT_CONVERSION = YES_AGGRESSIVE;
				CLANG_CXX_LANGUAGE_STANDARD = "gnu++14";
				CLANG_CXX_LIBRARY = "libc++";
				CLANG_ENABLE_MODULES = YES;
				CLANG_ENABLE_OBJC_ARC = YES;
				CLANG_ENABLE_OBJC_WEAK = YES;
				CLANG_WARN_BLOCK_CAPTURE_AUTORELEASING = YES;
				CLANG_WARN_BOOL_CONVERSION = YES;
				CLANG_WARN_COMMA = YES;
				CLANG_WARN_CONSTANT_CONVERSION = YES;
				CLANG_WARN_DEPRECATED_OBJC_IMPLEMENTATIONS = YES;
				CLANG_WARN_DIRECT_OBJC_ISA_USAGE = YES_ERROR;
				CLANG_WARN_DOCUMENTATION_COMMENTS = YES;
				CLANG_WARN_EMPTY_BODY = YES;
				CLANG_WARN_ENUM_CONVERSION = YES;
				CLANG_WARN_INFINITE_RECURSION = YES;
				CLANG_WARN_INT_CONVERSION = YES;
				CLANG_WARN_NON_LITERAL_NULL_CONVERSION = YES;
				CLANG_WARN_OBJC_IMPLICIT_RETAIN_SELF = YES;
				CLANG_WARN_OBJC_LITERAL_CONVERSION = YES;
				CLANG_WARN_OBJC_ROOT_CLASS = YES_ERROR;
				CLANG_WARN_RANGE_LOOP_ANALYSIS = YES;
				CLANG_WARN_STRICT_PROTOTYPES = YES;
				CLANG_WARN_SUSPICIOUS_MOVE = YES;
				CLANG_WARN_UNGUARDED_AVAILABILITY = YES_AGGRESSIVE;
				CLANG_WARN_UNREACHABLE_CODE = YES;
				CLANG_WARN__DUPLICATE_METHOD_MATCH = YES;
				COPY_PHASE_STRIP = NO;
				DEBUG_INFORMATION_FORMAT = dwarf;
				ENABLE_STRICT_OBJC_MSGSEND = YES;
				ENABLE_TESTABILITY = YES;
				GCC_C_LANGUAGE_STANDARD = gnu11;
				GCC_DYNAMIC_NO_PIC = NO;
				GCC_NO_COMMON_BLOCKS = YES;
				GCC_OPTIMIZATION_LEVEL = 0;
				GCC_PREPROCESSOR_DEFINITIONS = (
					"DEBUG=1",
					"$(inherited)",
				);
				GCC_WARN_64_TO_32_BIT_CONVERSION = YES;
				GCC_WARN_ABOUT_RETURN_TYPE = YES_ERROR;
				GCC_WARN_UNDECLARED_SELECTOR = YES;
				GCC_WARN_UNINITIALIZED_AUTOS = YES_AGGRESSIVE;
				GCC_WARN_UNUSED_FUNCTION = YES;
				GCC_WARN_UNUSED_VARIABLE = YES;
				IPHONEOS_DEPLOYMENT_TARGET = 13.2;
				MTL_ENABLE_DEBUG_INFO = INCLUDE_SOURCE;
				MTL_FAST_MATH = YES;
				ONLY_ACTIVE_ARCH = YES;
				SDKROOT = iphoneos;
				SWIFT_ACTIVE_COMPILATION_CONDITIONS = DEBUG;
				SWIFT_OPTIMIZATION_LEVEL = "-Onone";
			};
			name = Debug;
		};
		FC6960C7242BE7780024EDFA /* Release */ = {
			isa = XCBuildConfiguration;
			buildSettings = {
				ALWAYS_SEARCH_USER_PATHS = NO;
				CLANG_ANALYZER_NONNULL = YES;
				CLANG_ANALYZER_NUMBER_OBJECT_CONVERSION = YES_AGGRESSIVE;
				CLANG_CXX_LANGUAGE_STANDARD = "gnu++14";
				CLANG_CXX_LIBRARY = "libc++";
				CLANG_ENABLE_MODULES = YES;
				CLANG_ENABLE_OBJC_ARC = YES;
				CLANG_ENABLE_OBJC_WEAK = YES;
				CLANG_WARN_BLOCK_CAPTURE_AUTORELEASING = YES;
				CLANG_WARN_BOOL_CONVERSION = YES;
				CLANG_WARN_COMMA = YES;
				CLANG_WARN_CONSTANT_CONVERSION = YES;
				CLANG_WARN_DEPRECATED_OBJC_IMPLEMENTATIONS = YES;
				CLANG_WARN_DIRECT_OBJC_ISA_USAGE = YES_ERROR;
				CLANG_WARN_DOCUMENTATION_COMMENTS = YES;
				CLANG_WARN_EMPTY_BODY = YES;
				CLANG_WARN_ENUM_CONVERSION = YES;
				CLANG_WARN_INFINITE_RECURSION = YES;
				CLANG_WARN_INT_CONVERSION = YES;
				CLANG_WARN_NON_LITERAL_NULL_CONVERSION = YES;
				CLANG_WARN_OBJC_IMPLICIT_RETAIN_SELF = YES;
				CLANG_WARN_OBJC_LITERAL_CONVERSION = YES;
				CLANG_WARN_OBJC_ROOT_CLASS = YES_ERROR;
				CLANG_WARN_RANGE_LOOP_ANALYSIS = YES;
				CLANG_WARN_STRICT_PROTOTYPES = YES;
				CLANG_WARN_SUSPICIOUS_MOVE = YES;
				CLANG_WARN_UNGUARDED_AVAILABILITY = YES_AGGRESSIVE;
				CLANG_WARN_UNREACHABLE_CODE = YES;
				CLANG_WARN__DUPLICATE_METHOD_MATCH = YES;
				COPY_PHASE_STRIP = NO;
				DEBUG_INFORMATION_FORMAT = "dwarf-with-dsym";
				ENABLE_NS_ASSERTIONS = NO;
				ENABLE_STRICT_OBJC_MSGSEND = YES;
				GCC_C_LANGUAGE_STANDARD = gnu11;
				GCC_NO_COMMON_BLOCKS = YES;
				GCC_WARN_64_TO_32_BIT_CONVERSION = YES;
				GCC_WARN_ABOUT_RETURN_TYPE = YES_ERROR;
				GCC_WARN_UNDECLARED_SELECTOR = YES;
				GCC_WARN_UNINITIALIZED_AUTOS = YES_AGGRESSIVE;
				GCC_WARN_UNUSED_FUNCTION = YES;
				GCC_WARN_UNUSED_VARIABLE = YES;
				IPHONEOS_DEPLOYMENT_TARGET = 13.2;
				MTL_ENABLE_DEBUG_INFO = NO;
				MTL_FAST_MATH = YES;
				SDKROOT = iphoneos;
				SWIFT_COMPILATION_MODE = wholemodule;
				SWIFT_OPTIMIZATION_LEVEL = "-O";
				VALIDATE_PRODUCT = YES;
			};
			name = Release;
		};
		FC6960C9242BE7780024EDFA /* Debug */ = {
			isa = XCBuildConfiguration;
			buildSettings = {
				ALWAYS_EMBED_SWIFT_STANDARD_LIBRARIES = YES;
				ASSETCATALOG_COMPILER_APPICON_NAME = AppIcon;
				CODE_SIGN_STYLE = Automatic;
				DEVELOPMENT_TEAM = C39EPG5VUE;
				INFOPLIST_FILE = "$(SRCROOT)/Weather-App/Supporting Files/Info.plist";
				IPHONEOS_DEPLOYMENT_TARGET = 13.0;
				LD_RUNPATH_SEARCH_PATHS = (
					"$(inherited)",
					"@executable_path/Frameworks",
				);
				PRODUCT_BUNDLE_IDENTIFIER = com.kevintanner.Drizzle;
				PRODUCT_NAME = Drizzle;
				SWIFT_VERSION = 5.0;
				TARGETED_DEVICE_FAMILY = 1;
			};
			name = Debug;
		};
		FC6960CA242BE7780024EDFA /* Release */ = {
			isa = XCBuildConfiguration;
			buildSettings = {
				ALWAYS_EMBED_SWIFT_STANDARD_LIBRARIES = YES;
				ASSETCATALOG_COMPILER_APPICON_NAME = AppIcon;
				CODE_SIGN_STYLE = Automatic;
				DEVELOPMENT_TEAM = C39EPG5VUE;
				INFOPLIST_FILE = "$(SRCROOT)/Weather-App/Supporting Files/Info.plist";
				IPHONEOS_DEPLOYMENT_TARGET = 13.0;
				LD_RUNPATH_SEARCH_PATHS = (
					"$(inherited)",
					"@executable_path/Frameworks",
				);
				PRODUCT_BUNDLE_IDENTIFIER = com.kevintanner.Drizzle;
				PRODUCT_NAME = Drizzle;
				SWIFT_VERSION = 5.0;
				TARGETED_DEVICE_FAMILY = 1;
			};
			name = Release;
		};
		FCEC1E1C2451EF120004944F /* Debug */ = {
			isa = XCBuildConfiguration;
			buildSettings = {
				CODE_SIGN_STYLE = Automatic;
				DEVELOPMENT_TEAM = C39EPG5VUE;
				INFOPLIST_FILE = TodayWeatherExtension/Info.plist;
				IPHONEOS_DEPLOYMENT_TARGET = 13.0;
				LD_RUNPATH_SEARCH_PATHS = (
					"$(inherited)",
					"@executable_path/Frameworks",
					"@executable_path/../../Frameworks",
				);
				PRODUCT_BUNDLE_IDENTIFIER = com.kevintanner.Drizzle.TodayWeatherExtension;
				PRODUCT_NAME = "Drizzle Forecast";
				SKIP_INSTALL = YES;
				SWIFT_VERSION = 5.0;
				TARGETED_DEVICE_FAMILY = 1;
			};
			name = Debug;
		};
		FCEC1E1D2451EF120004944F /* Release */ = {
			isa = XCBuildConfiguration;
			buildSettings = {
				CODE_SIGN_STYLE = Automatic;
				DEVELOPMENT_TEAM = C39EPG5VUE;
				INFOPLIST_FILE = TodayWeatherExtension/Info.plist;
				IPHONEOS_DEPLOYMENT_TARGET = 13.0;
				LD_RUNPATH_SEARCH_PATHS = (
					"$(inherited)",
					"@executable_path/Frameworks",
					"@executable_path/../../Frameworks",
				);
				PRODUCT_BUNDLE_IDENTIFIER = com.kevintanner.Drizzle.TodayWeatherExtension;
				PRODUCT_NAME = "Drizzle Forecast";
				SKIP_INSTALL = YES;
				SWIFT_VERSION = 5.0;
				TARGETED_DEVICE_FAMILY = 1;
			};
			name = Release;
		};
/* End XCBuildConfiguration section */

/* Begin XCConfigurationList section */
		FC6960AC242BE7770024EDFA /* Build configuration list for PBXProject "Weather-App" */ = {
			isa = XCConfigurationList;
			buildConfigurations = (
				FC6960C6242BE7780024EDFA /* Debug */,
				FC6960C7242BE7780024EDFA /* Release */,
			);
			defaultConfigurationIsVisible = 0;
			defaultConfigurationName = Release;
		};
		FC6960C8242BE7780024EDFA /* Build configuration list for PBXNativeTarget "Weather-App" */ = {
			isa = XCConfigurationList;
			buildConfigurations = (
				FC6960C9242BE7780024EDFA /* Debug */,
				FC6960CA242BE7780024EDFA /* Release */,
			);
			defaultConfigurationIsVisible = 0;
			defaultConfigurationName = Release;
		};
		FCEC1E1E2451EF120004944F /* Build configuration list for PBXNativeTarget "TodayWeatherExtension" */ = {
			isa = XCConfigurationList;
			buildConfigurations = (
				FCEC1E1C2451EF120004944F /* Debug */,
				FCEC1E1D2451EF120004944F /* Release */,
			);
			defaultConfigurationIsVisible = 0;
			defaultConfigurationName = Release;
		};
/* End XCConfigurationList section */
	};
	rootObject = FC6960A9242BE7770024EDFA /* Project object */;
}
