// !$*UTF8*$!
{
	archiveVersion = 1;
	classes = {
	};
	objectVersion = 50;
	objects = {

/* Begin PBXBuildFile section */
		FC04E58D2433F4B100207762 /* HourlyWeatherCollectionViewCell.swift in Sources */ = {isa = PBXBuildFile; fileRef = FC04E58B2433F4B100207762 /* HourlyWeatherCollectionViewCell.swift */; };
		FC04E58E2433F4B100207762 /* HourlyWeatherCollectionViewCell.xib in Resources */ = {isa = PBXBuildFile; fileRef = FC04E58C2433F4B100207762 /* HourlyWeatherCollectionViewCell.xib */; };
		FC04E591243410DC00207762 /* DailyWeatherCollectionViewCell.swift in Sources */ = {isa = PBXBuildFile; fileRef = FC04E58F243410DC00207762 /* DailyWeatherCollectionViewCell.swift */; };
		FC04E592243410DC00207762 /* DailyWeatherCollectionViewCell.xib in Resources */ = {isa = PBXBuildFile; fileRef = FC04E590243410DC00207762 /* DailyWeatherCollectionViewCell.xib */; };
		FC1F2731242EDDDF00C08CAA /* SearchByAddressViewController.swift in Sources */ = {isa = PBXBuildFile; fileRef = FC1F2730242EDDDF00C08CAA /* SearchByAddressViewController.swift */; };
		FC1F2734242EDEE200C08CAA /* Constants.swift in Sources */ = {isa = PBXBuildFile; fileRef = FC1F2733242EDEE200C08CAA /* Constants.swift */; };
		FC6960B5242BE7770024EDFA /* AppDelegate.swift in Sources */ = {isa = PBXBuildFile; fileRef = FC6960B4242BE7770024EDFA /* AppDelegate.swift */; };
		FC6960B7242BE7770024EDFA /* SceneDelegate.swift in Sources */ = {isa = PBXBuildFile; fileRef = FC6960B6242BE7770024EDFA /* SceneDelegate.swift */; };
		FC6960B9242BE7770024EDFA /* ViewController.swift in Sources */ = {isa = PBXBuildFile; fileRef = FC6960B8242BE7770024EDFA /* ViewController.swift */; };
		FC6960BC242BE7770024EDFA /* Main.storyboard in Resources */ = {isa = PBXBuildFile; fileRef = FC6960BA242BE7770024EDFA /* Main.storyboard */; };
		FC6960BF242BE7770024EDFA /* Weather_App.xcdatamodeld in Sources */ = {isa = PBXBuildFile; fileRef = FC6960BD242BE7770024EDFA /* Weather_App.xcdatamodeld */; };
		FC6960C1242BE7780024EDFA /* Assets.xcassets in Resources */ = {isa = PBXBuildFile; fileRef = FC6960C0242BE7780024EDFA /* Assets.xcassets */; };
		FC6960C4242BE7780024EDFA /* LaunchScreen.storyboard in Resources */ = {isa = PBXBuildFile; fileRef = FC6960C2242BE7780024EDFA /* LaunchScreen.storyboard */; };
		FC6960CF242BE9D00024EDFA /* WeatherData.swift in Sources */ = {isa = PBXBuildFile; fileRef = FC6960CE242BE9D00024EDFA /* WeatherData.swift */; };
		FC6960D1242C137D0024EDFA /* WeatherManager.swift in Sources */ = {isa = PBXBuildFile; fileRef = FC6960D0242C137D0024EDFA /* WeatherManager.swift */; };
		FC6960D5242C22250024EDFA /* WeatherObject.swift in Sources */ = {isa = PBXBuildFile; fileRef = FC6960D4242C22250024EDFA /* WeatherObject.swift */; };
		FC98D32A243BFC5C0047F022 /* WeatherPageViewController.swift in Sources */ = {isa = PBXBuildFile; fileRef = FC98D329243BFC5C0047F022 /* WeatherPageViewController.swift */; };
		FC98D32C243BFDBD0047F022 /* WeatherPageManager.swift in Sources */ = {isa = PBXBuildFile; fileRef = FC98D32B243BFDBD0047F022 /* WeatherPageManager.swift */; };
		FC98D32E243BFEE70047F022 /* City.swift in Sources */ = {isa = PBXBuildFile; fileRef = FC98D32D243BFEE70047F022 /* City.swift */; };
		FC98D330243C03AF0047F022 /* LocationsViewController.swift in Sources */ = {isa = PBXBuildFile; fileRef = FC98D32F243C03AF0047F022 /* LocationsViewController.swift */; };
/* End PBXBuildFile section */

/* Begin PBXFileReference section */
		FC04E58B2433F4B100207762 /* HourlyWeatherCollectionViewCell.swift */ = {isa = PBXFileReference; lastKnownFileType = sourcecode.swift; path = HourlyWeatherCollectionViewCell.swift; sourceTree = "<group>"; };
		FC04E58C2433F4B100207762 /* HourlyWeatherCollectionViewCell.xib */ = {isa = PBXFileReference; lastKnownFileType = file.xib; path = HourlyWeatherCollectionViewCell.xib; sourceTree = "<group>"; };
		FC04E58F243410DC00207762 /* DailyWeatherCollectionViewCell.swift */ = {isa = PBXFileReference; lastKnownFileType = sourcecode.swift; path = DailyWeatherCollectionViewCell.swift; sourceTree = "<group>"; };
		FC04E590243410DC00207762 /* DailyWeatherCollectionViewCell.xib */ = {isa = PBXFileReference; lastKnownFileType = file.xib; path = DailyWeatherCollectionViewCell.xib; sourceTree = "<group>"; };
		FC1F2730242EDDDF00C08CAA /* SearchByAddressViewController.swift */ = {isa = PBXFileReference; lastKnownFileType = sourcecode.swift; path = SearchByAddressViewController.swift; sourceTree = "<group>"; };
		FC1F2733242EDEE200C08CAA /* Constants.swift */ = {isa = PBXFileReference; lastKnownFileType = sourcecode.swift; path = Constants.swift; sourceTree = "<group>"; };
		FC6960B1242BE7770024EDFA /* Weather-App.app */ = {isa = PBXFileReference; explicitFileType = wrapper.application; includeInIndex = 0; path = "Weather-App.app"; sourceTree = BUILT_PRODUCTS_DIR; };
		FC6960B4242BE7770024EDFA /* AppDelegate.swift */ = {isa = PBXFileReference; lastKnownFileType = sourcecode.swift; path = AppDelegate.swift; sourceTree = "<group>"; };
		FC6960B6242BE7770024EDFA /* SceneDelegate.swift */ = {isa = PBXFileReference; lastKnownFileType = sourcecode.swift; path = SceneDelegate.swift; sourceTree = "<group>"; };
		FC6960B8242BE7770024EDFA /* ViewController.swift */ = {isa = PBXFileReference; lastKnownFileType = sourcecode.swift; path = ViewController.swift; sourceTree = "<group>"; };
		FC6960BB242BE7770024EDFA /* Base */ = {isa = PBXFileReference; lastKnownFileType = file.storyboard; name = Base; path = Base.lproj/Main.storyboard; sourceTree = "<group>"; };
		FC6960BE242BE7770024EDFA /* Weather_App.xcdatamodel */ = {isa = PBXFileReference; lastKnownFileType = wrapper.xcdatamodel; path = Weather_App.xcdatamodel; sourceTree = "<group>"; };
		FC6960C0242BE7780024EDFA /* Assets.xcassets */ = {isa = PBXFileReference; lastKnownFileType = folder.assetcatalog; path = Assets.xcassets; sourceTree = "<group>"; };
		FC6960C3242BE7780024EDFA /* Base */ = {isa = PBXFileReference; lastKnownFileType = file.storyboard; name = Base; path = Base.lproj/LaunchScreen.storyboard; sourceTree = "<group>"; };
		FC6960C5242BE7780024EDFA /* Info.plist */ = {isa = PBXFileReference; lastKnownFileType = text.plist.xml; path = Info.plist; sourceTree = "<group>"; };
		FC6960CE242BE9D00024EDFA /* WeatherData.swift */ = {isa = PBXFileReference; lastKnownFileType = sourcecode.swift; path = WeatherData.swift; sourceTree = "<group>"; };
		FC6960D0242C137D0024EDFA /* WeatherManager.swift */ = {isa = PBXFileReference; lastKnownFileType = sourcecode.swift; path = WeatherManager.swift; sourceTree = "<group>"; };
		FC6960D4242C22250024EDFA /* WeatherObject.swift */ = {isa = PBXFileReference; lastKnownFileType = sourcecode.swift; path = WeatherObject.swift; sourceTree = "<group>"; };
		FC98D329243BFC5C0047F022 /* WeatherPageViewController.swift */ = {isa = PBXFileReference; lastKnownFileType = sourcecode.swift; path = WeatherPageViewController.swift; sourceTree = "<group>"; };
		FC98D32B243BFDBD0047F022 /* WeatherPageManager.swift */ = {isa = PBXFileReference; lastKnownFileType = sourcecode.swift; path = WeatherPageManager.swift; sourceTree = "<group>"; };
		FC98D32D243BFEE70047F022 /* City.swift */ = {isa = PBXFileReference; lastKnownFileType = sourcecode.swift; path = City.swift; sourceTree = "<group>"; };
		FC98D32F243C03AF0047F022 /* LocationsViewController.swift */ = {isa = PBXFileReference; lastKnownFileType = sourcecode.swift; path = LocationsViewController.swift; sourceTree = "<group>"; };
/* End PBXFileReference section */

/* Begin PBXFrameworksBuildPhase section */
		FC6960AE242BE7770024EDFA /* Frameworks */ = {
			isa = PBXFrameworksBuildPhase;
			buildActionMask = 2147483647;
			files = (
			);
			runOnlyForDeploymentPostprocessing = 0;
		};
/* End PBXFrameworksBuildPhase section */

/* Begin PBXGroup section */
		FC1F2732242EDECE00C08CAA /* Constants */ = {
			isa = PBXGroup;
			children = (
				FC1F2733242EDEE200C08CAA /* Constants.swift */,
			);
			name = Constants;
			sourceTree = "<group>";
		};
		FC6960A8242BE7770024EDFA = {
			isa = PBXGroup;
			children = (
				FC6960B3242BE7770024EDFA /* Weather-App */,
				FC6960B2242BE7770024EDFA /* Products */,
			);
			sourceTree = "<group>";
		};
		FC6960B2242BE7770024EDFA /* Products */ = {
			isa = PBXGroup;
			children = (
				FC6960B1242BE7770024EDFA /* Weather-App.app */,
			);
			name = Products;
			sourceTree = "<group>";
		};
		FC6960B3242BE7770024EDFA /* Weather-App */ = {
			isa = PBXGroup;
			children = (
				FC1F2732242EDECE00C08CAA /* Constants */,
				FC6960CD242BE8A50024EDFA /* Models */,
				FC6960CC242BE89F0024EDFA /* Views */,
				FC6960D2242C19550024EDFA /* Controllers */,
				FC6960CB242BE8920024EDFA /* Supporting Files */,
			);
			path = "Weather-App";
			sourceTree = "<group>";
		};
		FC6960CB242BE8920024EDFA /* Supporting Files */ = {
			isa = PBXGroup;
			children = (
				FC6960B4242BE7770024EDFA /* AppDelegate.swift */,
				FC6960B6242BE7770024EDFA /* SceneDelegate.swift */,
				FC6960C0242BE7780024EDFA /* Assets.xcassets */,
				FC6960C2242BE7780024EDFA /* LaunchScreen.storyboard */,
				FC6960C5242BE7780024EDFA /* Info.plist */,
			);
			path = "Supporting Files";
			sourceTree = "<group>";
		};
		FC6960CC242BE89F0024EDFA /* Views */ = {
			isa = PBXGroup;
			children = (
				FC6960BA242BE7770024EDFA /* Main.storyboard */,
				FC04E58B2433F4B100207762 /* HourlyWeatherCollectionViewCell.swift */,
				FC04E58C2433F4B100207762 /* HourlyWeatherCollectionViewCell.xib */,
				FC04E58F243410DC00207762 /* DailyWeatherCollectionViewCell.swift */,
				FC04E590243410DC00207762 /* DailyWeatherCollectionViewCell.xib */,
			);
			path = Views;
			sourceTree = "<group>";
		};
		FC6960CD242BE8A50024EDFA /* Models */ = {
			isa = PBXGroup;
			children = (
				FC6960BD242BE7770024EDFA /* Weather_App.xcdatamodeld */,
				FC6960CE242BE9D00024EDFA /* WeatherData.swift */,
				FC6960D4242C22250024EDFA /* WeatherObject.swift */,
				FC6960D0242C137D0024EDFA /* WeatherManager.swift */,
				FC98D32D243BFEE70047F022 /* City.swift */,
			);
			path = Models;
			sourceTree = "<group>";
		};
		FC6960D2242C19550024EDFA /* Controllers */ = {
			isa = PBXGroup;
			children = (
				FC6960B8242BE7770024EDFA /* ViewController.swift */,
				FC98D329243BFC5C0047F022 /* WeatherPageViewController.swift */,
				FC1F2730242EDDDF00C08CAA /* SearchByAddressViewController.swift */,
				FC98D32F243C03AF0047F022 /* LocationsViewController.swift */,
				FC98D32B243BFDBD0047F022 /* WeatherPageManager.swift */,
			);
			path = Controllers;
			sourceTree = "<group>";
		};
/* End PBXGroup section */

/* Begin PBXNativeTarget section */
		FC6960B0242BE7770024EDFA /* Weather-App */ = {
			isa = PBXNativeTarget;
			buildConfigurationList = FC6960C8242BE7780024EDFA /* Build configuration list for PBXNativeTarget "Weather-App" */;
			buildPhases = (
				FC6960AD242BE7770024EDFA /* Sources */,
				FC6960AE242BE7770024EDFA /* Frameworks */,
				FC6960AF242BE7770024EDFA /* Resources */,
			);
			buildRules = (
			);
			dependencies = (
			);
			name = "Weather-App";
			productName = "Weather-App";
			productReference = FC6960B1242BE7770024EDFA /* Weather-App.app */;
			productType = "com.apple.product-type.application";
		};
/* End PBXNativeTarget section */

/* Begin PBXProject section */
		FC6960A9242BE7770024EDFA /* Project object */ = {
			isa = PBXProject;
			attributes = {
				LastSwiftUpdateCheck = 1130;
				LastUpgradeCheck = 1130;
				ORGANIZATIONNAME = "Kevin Tanner";
				TargetAttributes = {
					FC6960B0242BE7770024EDFA = {
						CreatedOnToolsVersion = 11.3.1;
					};
				};
			};
			buildConfigurationList = FC6960AC242BE7770024EDFA /* Build configuration list for PBXProject "Weather-App" */;
			compatibilityVersion = "Xcode 9.3";
			developmentRegion = en;
			hasScannedForEncodings = 0;
			knownRegions = (
				en,
				Base,
			);
			mainGroup = FC6960A8242BE7770024EDFA;
			productRefGroup = FC6960B2242BE7770024EDFA /* Products */;
			projectDirPath = "";
			projectRoot = "";
			targets = (
				FC6960B0242BE7770024EDFA /* Weather-App */,
			);
		};
/* End PBXProject section */

/* Begin PBXResourcesBuildPhase section */
		FC6960AF242BE7770024EDFA /* Resources */ = {
			isa = PBXResourcesBuildPhase;
			buildActionMask = 2147483647;
			files = (
				FC6960C4242BE7780024EDFA /* LaunchScreen.storyboard in Resources */,
				FC6960C1242BE7780024EDFA /* Assets.xcassets in Resources */,
				FC04E58E2433F4B100207762 /* HourlyWeatherCollectionViewCell.xib in Resources */,
				FC04E592243410DC00207762 /* DailyWeatherCollectionViewCell.xib in Resources */,
				FC6960BC242BE7770024EDFA /* Main.storyboard in Resources */,
			);
			runOnlyForDeploymentPostprocessing = 0;
		};
/* End PBXResourcesBuildPhase section */

/* Begin PBXSourcesBuildPhase section */
		FC6960AD242BE7770024EDFA /* Sources */ = {
			isa = PBXSourcesBuildPhase;
			buildActionMask = 2147483647;
			files = (
				FC6960D1242C137D0024EDFA /* WeatherManager.swift in Sources */,
				FC6960BF242BE7770024EDFA /* Weather_App.xcdatamodeld in Sources */,
				FC98D32A243BFC5C0047F022 /* WeatherPageViewController.swift in Sources */,
				FC04E58D2433F4B100207762 /* HourlyWeatherCollectionViewCell.swift in Sources */,
				FC6960B9242BE7770024EDFA /* ViewController.swift in Sources */,
				FC6960B5242BE7770024EDFA /* AppDelegate.swift in Sources */,
				FC98D32E243BFEE70047F022 /* City.swift in Sources */,
				FC1F2731242EDDDF00C08CAA /* SearchByAddressViewController.swift in Sources */,
				FC6960CF242BE9D00024EDFA /* WeatherData.swift in Sources */,
				FC6960D5242C22250024EDFA /* WeatherObject.swift in Sources */,
				FC6960B7242BE7770024EDFA /* SceneDelegate.swift in Sources */,
				FC98D330243C03AF0047F022 /* LocationsViewController.swift in Sources */,
				FC1F2734242EDEE200C08CAA /* Constants.swift in Sources */,
				FC98D32C243BFDBD0047F022 /* WeatherPageManager.swift in Sources */,
				FC04E591243410DC00207762 /* DailyWeatherCollectionViewCell.swift in Sources */,
			);
			runOnlyForDeploymentPostprocessing = 0;
		};
/* End PBXSourcesBuildPhase section */

/* Begin PBXVariantGroup section */
		FC6960BA242BE7770024EDFA /* Main.storyboard */ = {
			isa = PBXVariantGroup;
			children = (
				FC6960BB242BE7770024EDFA /* Base */,
			);
			name = Main.storyboard;
			sourceTree = "<group>";
		};
		FC6960C2242BE7780024EDFA /* LaunchScreen.storyboard */ = {
			isa = PBXVariantGroup;
			children = (
				FC6960C3242BE7780024EDFA /* Base */,
			);
			name = LaunchScreen.storyboard;
			sourceTree = "<group>";
		};
/* End PBXVariantGroup section */

/* Begin XCBuildConfiguration section */
		FC6960C6242BE7780024EDFA /* Debug */ = {
			isa = XCBuildConfiguration;
			buildSettings = {
				ALWAYS_SEARCH_USER_PATHS = NO;
				CLANG_ANALYZER_NONNULL = YES;
				CLANG_ANALYZER_NUMBER_OBJECT_CONVERSION = YES_AGGRESSIVE;
				CLANG_CXX_LANGUAGE_STANDARD = "gnu++14";
				CLANG_CXX_LIBRARY = "libc++";
				CLANG_ENABLE_MODULES = YES;
				CLANG_ENABLE_OBJC_ARC = YES;
				CLANG_ENABLE_OBJC_WEAK = YES;
				CLANG_WARN_BLOCK_CAPTURE_AUTORELEASING = YES;
				CLANG_WARN_BOOL_CONVERSION = YES;
				CLANG_WARN_COMMA = YES;
				CLANG_WARN_CONSTANT_CONVERSION = YES;
				CLANG_WARN_DEPRECATED_OBJC_IMPLEMENTATIONS = YES;
				CLANG_WARN_DIRECT_OBJC_ISA_USAGE = YES_ERROR;
				CLANG_WARN_DOCUMENTATION_COMMENTS = YES;
				CLANG_WARN_EMPTY_BODY = YES;
				CLANG_WARN_ENUM_CONVERSION = YES;
				CLANG_WARN_INFINITE_RECURSION = YES;
				CLANG_WARN_INT_CONVERSION = YES;
				CLANG_WARN_NON_LITERAL_NULL_CONVERSION = YES;
				CLANG_WARN_OBJC_IMPLICIT_RETAIN_SELF = YES;
				CLANG_WARN_OBJC_LITERAL_CONVERSION = YES;
				CLANG_WARN_OBJC_ROOT_CLASS = YES_ERROR;
				CLANG_WARN_RANGE_LOOP_ANALYSIS = YES;
				CLANG_WARN_STRICT_PROTOTYPES = YES;
				CLANG_WARN_SUSPICIOUS_MOVE = YES;
				CLANG_WARN_UNGUARDED_AVAILABILITY = YES_AGGRESSIVE;
				CLANG_WARN_UNREACHABLE_CODE = YES;
				CLANG_WARN__DUPLICATE_METHOD_MATCH = YES;
				COPY_PHASE_STRIP = NO;
				DEBUG_INFORMATION_FORMAT = dwarf;
				ENABLE_STRICT_OBJC_MSGSEND = YES;
				ENABLE_TESTABILITY = YES;
				GCC_C_LANGUAGE_STANDARD = gnu11;
				GCC_DYNAMIC_NO_PIC = NO;
				GCC_NO_COMMON_BLOCKS = YES;
				GCC_OPTIMIZATION_LEVEL = 0;
				GCC_PREPROCESSOR_DEFINITIONS = (
					"DEBUG=1",
					"$(inherited)",
				);
				GCC_WARN_64_TO_32_BIT_CONVERSION = YES;
				GCC_WARN_ABOUT_RETURN_TYPE = YES_ERROR;
				GCC_WARN_UNDECLARED_SELECTOR = YES;
				GCC_WARN_UNINITIALIZED_AUTOS = YES_AGGRESSIVE;
				GCC_WARN_UNUSED_FUNCTION = YES;
				GCC_WARN_UNUSED_VARIABLE = YES;
				IPHONEOS_DEPLOYMENT_TARGET = 13.2;
				MTL_ENABLE_DEBUG_INFO = INCLUDE_SOURCE;
				MTL_FAST_MATH = YES;
				ONLY_ACTIVE_ARCH = YES;
				SDKROOT = iphoneos;
				SWIFT_ACTIVE_COMPILATION_CONDITIONS = DEBUG;
				SWIFT_OPTIMIZATION_LEVEL = "-Onone";
			};
			name = Debug;
		};
		FC6960C7242BE7780024EDFA /* Release */ = {
			isa = XCBuildConfiguration;
			buildSettings = {
				ALWAYS_SEARCH_USER_PATHS = NO;
				CLANG_ANALYZER_NONNULL = YES;
				CLANG_ANALYZER_NUMBER_OBJECT_CONVERSION = YES_AGGRESSIVE;
				CLANG_CXX_LANGUAGE_STANDARD = "gnu++14";
				CLANG_CXX_LIBRARY = "libc++";
				CLANG_ENABLE_MODULES = YES;
				CLANG_ENABLE_OBJC_ARC = YES;
				CLANG_ENABLE_OBJC_WEAK = YES;
				CLANG_WARN_BLOCK_CAPTURE_AUTORELEASING = YES;
				CLANG_WARN_BOOL_CONVERSION = YES;
				CLANG_WARN_COMMA = YES;
				CLANG_WARN_CONSTANT_CONVERSION = YES;
				CLANG_WARN_DEPRECATED_OBJC_IMPLEMENTATIONS = YES;
				CLANG_WARN_DIRECT_OBJC_ISA_USAGE = YES_ERROR;
				CLANG_WARN_DOCUMENTATION_COMMENTS = YES;
				CLANG_WARN_EMPTY_BODY = YES;
				CLANG_WARN_ENUM_CONVERSION = YES;
				CLANG_WARN_INFINITE_RECURSION = YES;
				CLANG_WARN_INT_CONVERSION = YES;
				CLANG_WARN_NON_LITERAL_NULL_CONVERSION = YES;
				CLANG_WARN_OBJC_IMPLICIT_RETAIN_SELF = YES;
				CLANG_WARN_OBJC_LITERAL_CONVERSION = YES;
				CLANG_WARN_OBJC_ROOT_CLASS = YES_ERROR;
				CLANG_WARN_RANGE_LOOP_ANALYSIS = YES;
				CLANG_WARN_STRICT_PROTOTYPES = YES;
				CLANG_WARN_SUSPICIOUS_MOVE = YES;
				CLANG_WARN_UNGUARDED_AVAILABILITY = YES_AGGRESSIVE;
				CLANG_WARN_UNREACHABLE_CODE = YES;
				CLANG_WARN__DUPLICATE_METHOD_MATCH = YES;
				COPY_PHASE_STRIP = NO;
				DEBUG_INFORMATION_FORMAT = "dwarf-with-dsym";
				ENABLE_NS_ASSERTIONS = NO;
				ENABLE_STRICT_OBJC_MSGSEND = YES;
				GCC_C_LANGUAGE_STANDARD = gnu11;
				GCC_NO_COMMON_BLOCKS = YES;
				GCC_WARN_64_TO_32_BIT_CONVERSION = YES;
				GCC_WARN_ABOUT_RETURN_TYPE = YES_ERROR;
				GCC_WARN_UNDECLARED_SELECTOR = YES;
				GCC_WARN_UNINITIALIZED_AUTOS = YES_AGGRESSIVE;
				GCC_WARN_UNUSED_FUNCTION = YES;
				GCC_WARN_UNUSED_VARIABLE = YES;
				IPHONEOS_DEPLOYMENT_TARGET = 13.2;
				MTL_ENABLE_DEBUG_INFO = NO;
				MTL_FAST_MATH = YES;
				SDKROOT = iphoneos;
				SWIFT_COMPILATION_MODE = wholemodule;
				SWIFT_OPTIMIZATION_LEVEL = "-O";
				VALIDATE_PRODUCT = YES;
			};
			name = Release;
		};
		FC6960C9242BE7780024EDFA /* Debug */ = {
			isa = XCBuildConfiguration;
			buildSettings = {
				ASSETCATALOG_COMPILER_APPICON_NAME = AppIcon;
				CODE_SIGN_STYLE = Automatic;
				DEVELOPMENT_TEAM = C39EPG5VUE;
				INFOPLIST_FILE = "$(SRCROOT)/Weather-App/Supporting Files/Info.plist";
				IPHONEOS_DEPLOYMENT_TARGET = 13.0;
				LD_RUNPATH_SEARCH_PATHS = (
					"$(inherited)",
					"@executable_path/Frameworks",
				);
				PRODUCT_BUNDLE_IDENTIFIER = "com.kevintanner.Weather-App";
				PRODUCT_NAME = "$(TARGET_NAME)";
				SWIFT_VERSION = 5.0;
				TARGETED_DEVICE_FAMILY = 1;
			};
			name = Debug;
		};
		FC6960CA242BE7780024EDFA /* Release */ = {
			isa = XCBuildConfiguration;
			buildSettings = {
				ASSETCATALOG_COMPILER_APPICON_NAME = AppIcon;
				CODE_SIGN_STYLE = Automatic;
				DEVELOPMENT_TEAM = C39EPG5VUE;
				INFOPLIST_FILE = "$(SRCROOT)/Weather-App/Supporting Files/Info.plist";
				IPHONEOS_DEPLOYMENT_TARGET = 13.0;
				LD_RUNPATH_SEARCH_PATHS = (
					"$(inherited)",
					"@executable_path/Frameworks",
				);
				PRODUCT_BUNDLE_IDENTIFIER = "com.kevintanner.Weather-App";
				PRODUCT_NAME = "$(TARGET_NAME)";
				SWIFT_VERSION = 5.0;
				TARGETED_DEVICE_FAMILY = 1;
			};
			name = Release;
		};
/* End XCBuildConfiguration section */

/* Begin XCConfigurationList section */
		FC6960AC242BE7770024EDFA /* Build configuration list for PBXProject "Weather-App" */ = {
			isa = XCConfigurationList;
			buildConfigurations = (
				FC6960C6242BE7780024EDFA /* Debug */,
				FC6960C7242BE7780024EDFA /* Release */,
			);
			defaultConfigurationIsVisible = 0;
			defaultConfigurationName = Release;
		};
		FC6960C8242BE7780024EDFA /* Build configuration list for PBXNativeTarget "Weather-App" */ = {
			isa = XCConfigurationList;
			buildConfigurations = (
				FC6960C9242BE7780024EDFA /* Debug */,
				FC6960CA242BE7780024EDFA /* Release */,
			);
			defaultConfigurationIsVisible = 0;
			defaultConfigurationName = Release;
		};
/* End XCConfigurationList section */

/* Begin XCVersionGroup section */
		FC6960BD242BE7770024EDFA /* Weather_App.xcdatamodeld */ = {
			isa = XCVersionGroup;
			children = (
				FC6960BE242BE7770024EDFA /* Weather_App.xcdatamodel */,
			);
			currentVersion = FC6960BE242BE7770024EDFA /* Weather_App.xcdatamodel */;
			path = Weather_App.xcdatamodeld;
			sourceTree = "<group>";
			versionGroupType = wrapper.xcdatamodel;
		};
/* End XCVersionGroup section */
	};
	rootObject = FC6960A9242BE7770024EDFA /* Project object */;
}
